PODS:
  - SMKeyboardObserber (1.0.0)
  - SMKeyboardObserber/Tests (1.0.0)

DEPENDENCIES:
  - SMKeyboardObserber (from `../`)
  - SMKeyboardObserber/Tests (from `../`)

EXTERNAL SOURCES:
  SMKeyboardObserber:
    :path: "../"

SPEC CHECKSUMS:
  SMKeyboardObserber: f1e7e76ef11402ca65036edb6075c7cb1901c1b1

PODFILE CHECKSUM: 2a82e9b5ef0a0317d33d61a492cd72b61301c25a

COCOAPODS: 1.11.2
