PODS:
  - SMKeyboardObserber (0.1.0)
  - SMKeyboardObserber/Tests (0.1.0)

DEPENDENCIES:
  - SMKeyboardObserber (from `../`)
  - SMKeyboardObserber/Tests (from `../`)

EXTERNAL SOURCES:
  SMKeyboardObserber:
    :path: "../"

SPEC CHECKSUMS:
  SMKeyboardObserber: a865d8f3cb8f2c932ea9330b019b51b5cd07496d

PODFILE CHECKSUM: 2a82e9b5ef0a0317d33d61a492cd72b61301c25a

COCOAPODS: 1.11.2
